
Microsoft Visual Studio Solution File, Format Version 12.00
# Visual Studio 15
VisualStudioVersion = 15.0.26228.4
MinimumVisualStudioVersion = 10.0.40219.1
Project("{2150E333-8FDC-42A3-9474-1A3956D46DE8}") = "src", "src", "{4008421C-FFE7-4EF5-9F95-C56C869B39A6}"
EndProject
Project("{2150E333-8FDC-42A3-9474-1A3956D46DE8}") = "Solution Items", "Solution Items", "{4548E54F-ECBD-4D62-8333-57A4E38DBF7E}"
EndProject
Project("{2150E333-8FDC-42A3-9474-1A3956D46DE8}") = "test", "test", "{967E33BC-9E96-4588-84CE-435D8B788501}"
EndProject
Project("{9A19103F-16F7-4668-BE54-9A1E7A4F7556}") = "Blog.Turnmeup.DAL", "src\Blog.Turnmeup.DAL\Blog.Turnmeup.DAL.csproj", "{E461CE6B-B634-41DD-A22C-9E5C831F7DCC}"
EndProject
Project("{9A19103F-16F7-4668-BE54-9A1E7A4F7556}") = "Blog.Turnmeup.DL", "src\Blog.Turnmeup.DL\Blog.Turnmeup.DL.csproj", "{835E30FB-DC79-4E94-A03F-E734EFFEAB5F}"
EndProject
Project("{9A19103F-16F7-4668-BE54-9A1E7A4F7556}") = "Blog.Turnmeup.DL.Tests", "test\Blog.Turnmeup.DL.Tests\Blog.Turnmeup.DL.Tests.csproj", "{F1CEB6E7-84FA-4D4E-B3F9-88D8D385DA32}"
EndProject
Project("{9A19103F-16F7-4668-BE54-9A1E7A4F7556}") = "Blog.Turnmeup.API", "src\Blog.Turnmeup.API\Blog.Turnmeup.API.csproj", "{388D81B9-E725-4D45-B44D-ED2F561A99FF}"
EndProject
Project("{9A19103F-16F7-4668-BE54-9A1E7A4F7556}") = "Blog.Turnmeup.API.Tests", "test\Blog.Turnmeup.API.Tests\Blog.Turnmeup.API.Tests.csproj", "{D894924B-946E-49AB-BEC5-D165F8227D64}"
EndProject
Global
	GlobalSection(SolutionConfigurationPlatforms) = preSolution
		Debug|Any CPU = Debug|Any CPU
		Release|Any CPU = Release|Any CPU
	EndGlobalSection
	GlobalSection(ProjectConfigurationPlatforms) = postSolution
		{E461CE6B-B634-41DD-A22C-9E5C831F7DCC}.Debug|Any CPU.ActiveCfg = Debug|Any CPU
		{E461CE6B-B634-41DD-A22C-9E5C831F7DCC}.Debug|Any CPU.Build.0 = Debug|Any CPU
		{E461CE6B-B634-41DD-A22C-9E5C831F7DCC}.Release|Any CPU.ActiveCfg = Release|Any CPU
		{E461CE6B-B634-41DD-A22C-9E5C831F7DCC}.Release|Any CPU.Build.0 = Release|Any CPU
		{835E30FB-DC79-4E94-A03F-E734EFFEAB5F}.Debug|Any CPU.ActiveCfg = Debug|Any CPU
		{835E30FB-DC79-4E94-A03F-E734EFFEAB5F}.Debug|Any CPU.Build.0 = Debug|Any CPU
		{835E30FB-DC79-4E94-A03F-E734EFFEAB5F}.Release|Any CPU.ActiveCfg = Release|Any CPU
		{835E30FB-DC79-4E94-A03F-E734EFFEAB5F}.Release|Any CPU.Build.0 = Release|Any CPU
		{F1CEB6E7-84FA-4D4E-B3F9-88D8D385DA32}.Debug|Any CPU.ActiveCfg = Debug|Any CPU
		{F1CEB6E7-84FA-4D4E-B3F9-88D8D385DA32}.Debug|Any CPU.Build.0 = Debug|Any CPU
		{F1CEB6E7-84FA-4D4E-B3F9-88D8D385DA32}.Release|Any CPU.ActiveCfg = Release|Any CPU
		{F1CEB6E7-84FA-4D4E-B3F9-88D8D385DA32}.Release|Any CPU.Build.0 = Release|Any CPU
		{388D81B9-E725-4D45-B44D-ED2F561A99FF}.Debug|Any CPU.ActiveCfg = Debug|Any CPU
		{388D81B9-E725-4D45-B44D-ED2F561A99FF}.Debug|Any CPU.Build.0 = Debug|Any CPU
		{388D81B9-E725-4D45-B44D-ED2F561A99FF}.Release|Any CPU.ActiveCfg = Release|Any CPU
		{388D81B9-E725-4D45-B44D-ED2F561A99FF}.Release|Any CPU.Build.0 = Release|Any CPU
		{D894924B-946E-49AB-BEC5-D165F8227D64}.Debug|Any CPU.ActiveCfg = Debug|Any CPU
		{D894924B-946E-49AB-BEC5-D165F8227D64}.Debug|Any CPU.Build.0 = Debug|Any CPU
		{D894924B-946E-49AB-BEC5-D165F8227D64}.Release|Any CPU.ActiveCfg = Release|Any CPU
		{D894924B-946E-49AB-BEC5-D165F8227D64}.Release|Any CPU.Build.0 = Release|Any CPU
	EndGlobalSection
	GlobalSection(SolutionProperties) = preSolution
		HideSolutionNode = FALSE
	EndGlobalSection
	GlobalSection(NestedProjects) = preSolution
		{E461CE6B-B634-41DD-A22C-9E5C831F7DCC} = {4008421C-FFE7-4EF5-9F95-C56C869B39A6}
		{835E30FB-DC79-4E94-A03F-E734EFFEAB5F} = {4008421C-FFE7-4EF5-9F95-C56C869B39A6}
		{F1CEB6E7-84FA-4D4E-B3F9-88D8D385DA32} = {967E33BC-9E96-4588-84CE-435D8B788501}
		{388D81B9-E725-4D45-B44D-ED2F561A99FF} = {4008421C-FFE7-4EF5-9F95-C56C869B39A6}
		{D894924B-946E-49AB-BEC5-D165F8227D64} = {967E33BC-9E96-4588-84CE-435D8B788501}
	EndGlobalSection
EndGlobal
